
Microsoft Visual Studio Solution File, Format Version 12.00
# Visual Studio Version 17
VisualStudioVersion = 17.5.002.0
MinimumVisualStudioVersion = 10.0.40219.1
Project("{9A19103F-16F7-4668-BE54-9A1E7A4F7556}") = "HelloWorld", "HelloWorld.csproj", "{B48BB0CF-4BF6-4C98-BBCC-166006CC9C0B}"
EndProject
Global
	GlobalSection(SolutionConfigurationPlatforms) = preSolution
		Debug|Any CPU = Debug|Any CPU
		Release|Any CPU = Release|Any CPU
	EndGlobalSection
	GlobalSection(ProjectConfigurationPlatforms) = postSolution
		{B48BB0CF-4BF6-4C98-BBCC-166006CC9C0B}.Debug|Any CPU.ActiveCfg = Debug|Any CPU
		{B48BB0CF-4BF6-4C98-BBCC-166006CC9C0B}.Debug|Any CPU.Build.0 = Debug|Any CPU
		{B48BB0CF-4BF6-4C98-BBCC-166006CC9C0B}.Release|Any CPU.ActiveCfg = Release|Any CPU
		{B48BB0CF-4BF6-4C98-BBCC-166006CC9C0B}.Release|Any CPU.Build.0 = Release|Any CPU
	EndGlobalSection
	GlobalSection(SolutionProperties) = preSolution
		HideSolutionNode = FALSE
	EndGlobalSection
	GlobalSection(ExtensibilityGlobals) = postSolution
		SolutionGuid = {6805141F-3049-4264-8A88-26727BBAF8FD}
	EndGlobalSection
EndGlobal
